
Microsoft Visual Studio Solution File, Format Version 12.00
# Visual Studio Version 17
VisualStudioVersion = 17.7.34031.279
MinimumVisualStudioVersion = 10.0.40219.1
Project("{FAE04EC0-301F-11D3-BF4B-00C04F79EFBC}") = "PROYECTO FIGMA FINAL", "PROYECTO FIGMA FINAL\PROYECTO FIGMA FINAL.csproj", "{90B68AAA-49D4-4EB9-9E6E-E4EBACAE7023}"
EndProject
Global
	GlobalSection(SolutionConfigurationPlatforms) = preSolution
		Debug|Any CPU = Debug|Any CPU
		Release|Any CPU = Release|Any CPU
	EndGlobalSection
	GlobalSection(ProjectConfigurationPlatforms) = postSolution
		{90B68AAA-49D4-4EB9-9E6E-E4EBACAE7023}.Debug|Any CPU.ActiveCfg = Debug|Any CPU
		{90B68AAA-49D4-4EB9-9E6E-E4EBACAE7023}.Debug|Any CPU.Build.0 = Debug|Any CPU
		{90B68AAA-49D4-4EB9-9E6E-E4EBACAE7023}.Release|Any CPU.ActiveCfg = Release|Any CPU
		{90B68AAA-49D4-4EB9-9E6E-E4EBACAE7023}.Release|Any CPU.Build.0 = Release|Any CPU
	EndGlobalSection
	GlobalSection(SolutionProperties) = preSolution
		HideSolutionNode = FALSE
	EndGlobalSection
	GlobalSection(ExtensibilityGlobals) = postSolution
		SolutionGuid = {01E4F1F7-45D8-404A-A1B3-C68C46019156}
	EndGlobalSection
EndGlobal
